// !$*UTF8*$!
{
	archiveVersion = 1;
	classes = {
	};
	objectVersion = 50;
	objects = {

/* Begin PBXBuildFile section */
		18FC086620B1209600932FEC /* AppDelegate.swift in Sources */ = {isa = PBXBuildFile; fileRef = 18FC086520B1209600932FEC /* AppDelegate.swift */; };
		18FC086820B1209600932FEC /* MapViewController.swift in Sources */ = {isa = PBXBuildFile; fileRef = 18FC086720B1209600932FEC /* MapViewController.swift */; };
		18FC086B20B1209600932FEC /* Main.storyboard in Resources */ = {isa = PBXBuildFile; fileRef = 18FC086920B1209600932FEC /* Main.storyboard */; };
		18FC086D20B1209700932FEC /* Assets.xcassets in Resources */ = {isa = PBXBuildFile; fileRef = 18FC086C20B1209700932FEC /* Assets.xcassets */; };
		18FC087020B1209700932FEC /* LaunchScreen.storyboard in Resources */ = {isa = PBXBuildFile; fileRef = 18FC086E20B1209700932FEC /* LaunchScreen.storyboard */; };
		18FC087B20B1209700932FEC /* LocationTests.swift in Sources */ = {isa = PBXBuildFile; fileRef = 18FC087A20B1209700932FEC /* LocationTests.swift */; };
		18FC088620B1209700932FEC /* LocationUITests.swift in Sources */ = {isa = PBXBuildFile; fileRef = 18FC088520B1209700932FEC /* LocationUITests.swift */; };
		18FC089720B124F100932FEC /* LocationHelper.swift in Sources */ = {isa = PBXBuildFile; fileRef = 18FC089620B124F100932FEC /* LocationHelper.swift */; };
/* End PBXBuildFile section */

/* Begin PBXContainerItemProxy section */
		18FC087720B1209700932FEC /* PBXContainerItemProxy */ = {
			isa = PBXContainerItemProxy;
			containerPortal = 18FC085A20B1209500932FEC /* Project object */;
			proxyType = 1;
			remoteGlobalIDString = 18FC086120B1209500932FEC;
			remoteInfo = Location;
		};
		18FC088220B1209700932FEC /* PBXContainerItemProxy */ = {
			isa = PBXContainerItemProxy;
			containerPortal = 18FC085A20B1209500932FEC /* Project object */;
			proxyType = 1;
			remoteGlobalIDString = 18FC086120B1209500932FEC;
			remoteInfo = Location;
		};
/* End PBXContainerItemProxy section */

/* Begin PBXFileReference section */
		18FC086220B1209500932FEC /* Location.app */ = {isa = PBXFileReference; explicitFileType = wrapper.application; includeInIndex = 0; path = Location.app; sourceTree = BUILT_PRODUCTS_DIR; };
		18FC086520B1209600932FEC /* AppDelegate.swift */ = {isa = PBXFileReference; lastKnownFileType = sourcecode.swift; path = AppDelegate.swift; sourceTree = "<group>"; };
		18FC086720B1209600932FEC /* MapViewController.swift */ = {isa = PBXFileReference; lastKnownFileType = sourcecode.swift; path = MapViewController.swift; sourceTree = "<group>"; };
		18FC086A20B1209600932FEC /* Base */ = {isa = PBXFileReference; lastKnownFileType = file.storyboard; name = Base; path = Base.lproj/Main.storyboard; sourceTree = "<group>"; };
		18FC086C20B1209700932FEC /* Assets.xcassets */ = {isa = PBXFileReference; lastKnownFileType = folder.assetcatalog; path = Assets.xcassets; sourceTree = "<group>"; };
		18FC086F20B1209700932FEC /* Base */ = {isa = PBXFileReference; lastKnownFileType = file.storyboard; name = Base; path = Base.lproj/LaunchScreen.storyboard; sourceTree = "<group>"; };
		18FC087120B1209700932FEC /* Info.plist */ = {isa = PBXFileReference; lastKnownFileType = text.plist.xml; path = Info.plist; sourceTree = "<group>"; };
		18FC087620B1209700932FEC /* LocationTests.xctest */ = {isa = PBXFileReference; explicitFileType = wrapper.cfbundle; includeInIndex = 0; path = LocationTests.xctest; sourceTree = BUILT_PRODUCTS_DIR; };
		18FC087A20B1209700932FEC /* LocationTests.swift */ = {isa = PBXFileReference; lastKnownFileType = sourcecode.swift; path = LocationTests.swift; sourceTree = "<group>"; };
		18FC087C20B1209700932FEC /* Info.plist */ = {isa = PBXFileReference; lastKnownFileType = text.plist.xml; path = Info.plist; sourceTree = "<group>"; };
		18FC088120B1209700932FEC /* LocationUITests.xctest */ = {isa = PBXFileReference; explicitFileType = wrapper.cfbundle; includeInIndex = 0; path = LocationUITests.xctest; sourceTree = BUILT_PRODUCTS_DIR; };
		18FC088520B1209700932FEC /* LocationUITests.swift */ = {isa = PBXFileReference; lastKnownFileType = sourcecode.swift; path = LocationUITests.swift; sourceTree = "<group>"; };
		18FC088720B1209700932FEC /* Info.plist */ = {isa = PBXFileReference; lastKnownFileType = text.plist.xml; path = Info.plist; sourceTree = "<group>"; };
		18FC089620B124F100932FEC /* LocationHelper.swift */ = {isa = PBXFileReference; lastKnownFileType = sourcecode.swift; path = LocationHelper.swift; sourceTree = "<group>"; };
/* End PBXFileReference section */

/* Begin PBXFrameworksBuildPhase section */
		18FC085F20B1209500932FEC /* Frameworks */ = {
			isa = PBXFrameworksBuildPhase;
			buildActionMask = 2147483647;
			files = (
			);
			runOnlyForDeploymentPostprocessing = 0;
		};
		18FC087320B1209700932FEC /* Frameworks */ = {
			isa = PBXFrameworksBuildPhase;
			buildActionMask = 2147483647;
			files = (
			);
			runOnlyForDeploymentPostprocessing = 0;
		};
		18FC087E20B1209700932FEC /* Frameworks */ = {
			isa = PBXFrameworksBuildPhase;
			buildActionMask = 2147483647;
			files = (
			);
			runOnlyForDeploymentPostprocessing = 0;
		};
/* End PBXFrameworksBuildPhase section */

/* Begin PBXGroup section */
		18FC085920B1209500932FEC = {
			isa = PBXGroup;
			children = (
				18FC086420B1209500932FEC /* Location */,
				18FC087920B1209700932FEC /* LocationTests */,
				18FC088420B1209700932FEC /* LocationUITests */,
				18FC086320B1209500932FEC /* Products */,
			);
			sourceTree = "<group>";
		};
		18FC086320B1209500932FEC /* Products */ = {
			isa = PBXGroup;
			children = (
				18FC086220B1209500932FEC /* Location.app */,
				18FC087620B1209700932FEC /* LocationTests.xctest */,
				18FC088120B1209700932FEC /* LocationUITests.xctest */,
			);
			name = Products;
			sourceTree = "<group>";
		};
		18FC086420B1209500932FEC /* Location */ = {
			isa = PBXGroup;
			children = (
				18FC089520B124D400932FEC /* LocationHelper */,
				18FC089320B124B100932FEC /* Controllers */,
				18FC089420B124BC00932FEC /* Scenes */,
				18FC086C20B1209700932FEC /* Assets.xcassets */,
				18FC086E20B1209700932FEC /* LaunchScreen.storyboard */,
				18FC087120B1209700932FEC /* Info.plist */,
			);
			path = Location;
			sourceTree = "<group>";
		};
		18FC087920B1209700932FEC /* LocationTests */ = {
			isa = PBXGroup;
			children = (
				18FC087A20B1209700932FEC /* LocationTests.swift */,
				18FC087C20B1209700932FEC /* Info.plist */,
			);
			path = LocationTests;
			sourceTree = "<group>";
		};
		18FC088420B1209700932FEC /* LocationUITests */ = {
			isa = PBXGroup;
			children = (
				18FC088520B1209700932FEC /* LocationUITests.swift */,
				18FC088720B1209700932FEC /* Info.plist */,
			);
			path = LocationUITests;
			sourceTree = "<group>";
		};
		18FC089320B124B100932FEC /* Controllers */ = {
			isa = PBXGroup;
			children = (
				18FC086520B1209600932FEC /* AppDelegate.swift */,
				18FC086720B1209600932FEC /* MapViewController.swift */,
			);
			path = Controllers;
			sourceTree = "<group>";
		};
		18FC089420B124BC00932FEC /* Scenes */ = {
			isa = PBXGroup;
			children = (
				18FC086920B1209600932FEC /* Main.storyboard */,
			);
			path = Scenes;
			sourceTree = "<group>";
		};
		18FC089520B124D400932FEC /* LocationHelper */ = {
			isa = PBXGroup;
			children = (
				18FC089620B124F100932FEC /* LocationHelper.swift */,
			);
			path = LocationHelper;
			sourceTree = "<group>";
		};
/* End PBXGroup section */

/* Begin PBXNativeTarget section */
		18FC086120B1209500932FEC /* Location */ = {
			isa = PBXNativeTarget;
			buildConfigurationList = 18FC088A20B1209700932FEC /* Build configuration list for PBXNativeTarget "Location" */;
			buildPhases = (
				18FC085E20B1209500932FEC /* Sources */,
				18FC085F20B1209500932FEC /* Frameworks */,
				18FC086020B1209500932FEC /* Resources */,
			);
			buildRules = (
			);
			dependencies = (
			);
			name = Location;
			productName = Location;
			productReference = 18FC086220B1209500932FEC /* Location.app */;
			productType = "com.apple.product-type.application";
		};
		18FC087520B1209700932FEC /* LocationTests */ = {
			isa = PBXNativeTarget;
			buildConfigurationList = 18FC088D20B1209700932FEC /* Build configuration list for PBXNativeTarget "LocationTests" */;
			buildPhases = (
				18FC087220B1209700932FEC /* Sources */,
				18FC087320B1209700932FEC /* Frameworks */,
				18FC087420B1209700932FEC /* Resources */,
			);
			buildRules = (
			);
			dependencies = (
				18FC087820B1209700932FEC /* PBXTargetDependency */,
			);
			name = LocationTests;
			productName = LocationTests;
			productReference = 18FC087620B1209700932FEC /* LocationTests.xctest */;
			productType = "com.apple.product-type.bundle.unit-test";
		};
		18FC088020B1209700932FEC /* LocationUITests */ = {
			isa = PBXNativeTarget;
			buildConfigurationList = 18FC089020B1209700932FEC /* Build configuration list for PBXNativeTarget "LocationUITests" */;
			buildPhases = (
				18FC087D20B1209700932FEC /* Sources */,
				18FC087E20B1209700932FEC /* Frameworks */,
				18FC087F20B1209700932FEC /* Resources */,
			);
			buildRules = (
			);
			dependencies = (
				18FC088320B1209700932FEC /* PBXTargetDependency */,
			);
			name = LocationUITests;
			productName = LocationUITests;
			productReference = 18FC088120B1209700932FEC /* LocationUITests.xctest */;
			productType = "com.apple.product-type.bundle.ui-testing";
		};
/* End PBXNativeTarget section */

/* Begin PBXProject section */
		18FC085A20B1209500932FEC /* Project object */ = {
			isa = PBXProject;
			attributes = {
				LastSwiftUpdateCheck = 0930;
				LastUpgradeCheck = 0930;
				ORGANIZATIONNAME = Raja;
				TargetAttributes = {
					18FC086120B1209500932FEC = {
						CreatedOnToolsVersion = 9.3;
					};
					18FC087520B1209700932FEC = {
						CreatedOnToolsVersion = 9.3;
						TestTargetID = 18FC086120B1209500932FEC;
					};
					18FC088020B1209700932FEC = {
						CreatedOnToolsVersion = 9.3;
						TestTargetID = 18FC086120B1209500932FEC;
					};
				};
			};
			buildConfigurationList = 18FC085D20B1209500932FEC /* Build configuration list for PBXProject "Location" */;
			compatibilityVersion = "Xcode 9.3";
			developmentRegion = en;
			hasScannedForEncodings = 0;
			knownRegions = (
				en,
				Base,
			);
			mainGroup = 18FC085920B1209500932FEC;
			productRefGroup = 18FC086320B1209500932FEC /* Products */;
			projectDirPath = "";
			projectRoot = "";
			targets = (
				18FC086120B1209500932FEC /* Location */,
				18FC087520B1209700932FEC /* LocationTests */,
				18FC088020B1209700932FEC /* LocationUITests */,
			);
		};
/* End PBXProject section */

/* Begin PBXResourcesBuildPhase section */
		18FC086020B1209500932FEC /* Resources */ = {
			isa = PBXResourcesBuildPhase;
			buildActionMask = 2147483647;
			files = (
				18FC087020B1209700932FEC /* LaunchScreen.storyboard in Resources */,
				18FC086D20B1209700932FEC /* Assets.xcassets in Resources */,
				18FC086B20B1209600932FEC /* Main.storyboard in Resources */,
			);
			runOnlyForDeploymentPostprocessing = 0;
		};
		18FC087420B1209700932FEC /* Resources */ = {
			isa = PBXResourcesBuildPhase;
			buildActionMask = 2147483647;
			files = (
			);
			runOnlyForDeploymentPostprocessing = 0;
		};
		18FC087F20B1209700932FEC /* Resources */ = {
			isa = PBXResourcesBuildPhase;
			buildActionMask = 2147483647;
			files = (
			);
			runOnlyForDeploymentPostprocessing = 0;
		};
/* End PBXResourcesBuildPhase section */

/* Begin PBXSourcesBuildPhase section */
		18FC085E20B1209500932FEC /* Sources */ = {
			isa = PBXSourcesBuildPhase;
			buildActionMask = 2147483647;
			files = (
				18FC089720B124F100932FEC /* LocationHelper.swift in Sources */,
				18FC086820B1209600932FEC /* MapViewController.swift in Sources */,
				18FC086620B1209600932FEC /* AppDelegate.swift in Sources */,
			);
			runOnlyForDeploymentPostprocessing = 0;
		};
		18FC087220B1209700932FEC /* Sources */ = {
			isa = PBXSourcesBuildPhase;
			buildActionMask = 2147483647;
			files = (
				18FC087B20B1209700932FEC /* LocationTests.swift in Sources */,
			);
			runOnlyForDeploymentPostprocessing = 0;
		};
		18FC087D20B1209700932FEC /* Sources */ = {
			isa = PBXSourcesBuildPhase;
			buildActionMask = 2147483647;
			files = (
				18FC088620B1209700932FEC /* LocationUITests.swift in Sources */,
			);
			runOnlyForDeploymentPostprocessing = 0;
		};
/* End PBXSourcesBuildPhase section */

/* Begin PBXTargetDependency section */
		18FC087820B1209700932FEC /* PBXTargetDependency */ = {
			isa = PBXTargetDependency;
			target = 18FC086120B1209500932FEC /* Location */;
			targetProxy = 18FC087720B1209700932FEC /* PBXContainerItemProxy */;
		};
		18FC088320B1209700932FEC /* PBXTargetDependency */ = {
			isa = PBXTargetDependency;
			target = 18FC086120B1209500932FEC /* Location */;
			targetProxy = 18FC088220B1209700932FEC /* PBXContainerItemProxy */;
		};
/* End PBXTargetDependency section */

/* Begin PBXVariantGroup section */
		18FC086920B1209600932FEC /* Main.storyboard */ = {
			isa = PBXVariantGroup;
			children = (
				18FC086A20B1209600932FEC /* Base */,
			);
			name = Main.storyboard;
			sourceTree = "<group>";
		};
		18FC086E20B1209700932FEC /* LaunchScreen.storyboard */ = {
			isa = PBXVariantGroup;
			children = (
				18FC086F20B1209700932FEC /* Base */,
			);
			name = LaunchScreen.storyboard;
			sourceTree = "<group>";
		};
/* End PBXVariantGroup section */

/* Begin XCBuildConfiguration section */
		18FC088820B1209700932FEC /* Debug */ = {
			isa = XCBuildConfiguration;
			buildSettings = {
				ALWAYS_SEARCH_USER_PATHS = NO;
				CLANG_ANALYZER_NONNULL = YES;
				CLANG_ANALYZER_NUMBER_OBJECT_CONVERSION = YES_AGGRESSIVE;
				CLANG_CXX_LANGUAGE_STANDARD = "gnu++14";
				CLANG_CXX_LIBRARY = "libc++";
				CLANG_ENABLE_MODULES = YES;
				CLANG_ENABLE_OBJC_ARC = YES;
				CLANG_ENABLE_OBJC_WEAK = YES;
				CLANG_WARN_BLOCK_CAPTURE_AUTORELEASING = YES;
				CLANG_WARN_BOOL_CONVERSION = YES;
				CLANG_WARN_COMMA = YES;
				CLANG_WARN_CONSTANT_CONVERSION = YES;
				CLANG_WARN_DEPRECATED_OBJC_IMPLEMENTATIONS = YES;
				CLANG_WARN_DIRECT_OBJC_ISA_USAGE = YES_ERROR;
				CLANG_WARN_DOCUMENTATION_COMMENTS = YES;
				CLANG_WARN_EMPTY_BODY = YES;
				CLANG_WARN_ENUM_CONVERSION = YES;
				CLANG_WARN_INFINITE_RECURSION = YES;
				CLANG_WARN_INT_CONVERSION = YES;
				CLANG_WARN_NON_LITERAL_NULL_CONVERSION = YES;
				CLANG_WARN_OBJC_IMPLICIT_RETAIN_SELF = YES;
				CLANG_WARN_OBJC_LITERAL_CONVERSION = YES;
				CLANG_WARN_OBJC_ROOT_CLASS = YES_ERROR;
				CLANG_WARN_RANGE_LOOP_ANALYSIS = YES;
				CLANG_WARN_STRICT_PROTOTYPES = YES;
				CLANG_WARN_SUSPICIOUS_MOVE = YES;
				CLANG_WARN_UNGUARDED_AVAILABILITY = YES_AGGRESSIVE;
				CLANG_WARN_UNREACHABLE_CODE = YES;
				CLANG_WARN__DUPLICATE_METHOD_MATCH = YES;
				CODE_SIGN_IDENTITY = "iPhone Developer";
				COPY_PHASE_STRIP = NO;
				DEBUG_INFORMATION_FORMAT = dwarf;
				ENABLE_STRICT_OBJC_MSGSEND = YES;
				ENABLE_TESTABILITY = YES;
				GCC_C_LANGUAGE_STANDARD = gnu11;
				GCC_DYNAMIC_NO_PIC = NO;
				GCC_NO_COMMON_BLOCKS = YES;
				GCC_OPTIMIZATION_LEVEL = 0;
				GCC_PREPROCESSOR_DEFINITIONS = (
					"DEBUG=1",
					"$(inherited)",
				);
				GCC_WARN_64_TO_32_BIT_CONVERSION = YES;
				GCC_WARN_ABOUT_RETURN_TYPE = YES_ERROR;
				GCC_WARN_UNDECLARED_SELECTOR = YES;
				GCC_WARN_UNINITIALIZED_AUTOS = YES_AGGRESSIVE;
				GCC_WARN_UNUSED_FUNCTION = YES;
				GCC_WARN_UNUSED_VARIABLE = YES;
				IPHONEOS_DEPLOYMENT_TARGET = 11.3;
				MTL_ENABLE_DEBUG_INFO = YES;
				ONLY_ACTIVE_ARCH = YES;
				SDKROOT = iphoneos;
				SWIFT_ACTIVE_COMPILATION_CONDITIONS = DEBUG;
				SWIFT_OPTIMIZATION_LEVEL = "-Onone";
			};
			name = Debug;
		};
		18FC088920B1209700932FEC /* Release */ = {
			isa = XCBuildConfiguration;
			buildSettings = {
				ALWAYS_SEARCH_USER_PATHS = NO;
				CLANG_ANALYZER_NONNULL = YES;
				CLANG_ANALYZER_NUMBER_OBJECT_CONVERSION = YES_AGGRESSIVE;
				CLANG_CXX_LANGUAGE_STANDARD = "gnu++14";
				CLANG_CXX_LIBRARY = "libc++";
				CLANG_ENABLE_MODULES = YES;
				CLANG_ENABLE_OBJC_ARC = YES;
				CLANG_ENABLE_OBJC_WEAK = YES;
				CLANG_WARN_BLOCK_CAPTURE_AUTORELEASING = YES;
				CLANG_WARN_BOOL_CONVERSION = YES;
				CLANG_WARN_COMMA = YES;
				CLANG_WARN_CONSTANT_CONVERSION = YES;
				CLANG_WARN_DEPRECATED_OBJC_IMPLEMENTATIONS = YES;
				CLANG_WARN_DIRECT_OBJC_ISA_USAGE = YES_ERROR;
				CLANG_WARN_DOCUMENTATION_COMMENTS = YES;
				CLANG_WARN_EMPTY_BODY = YES;
				CLANG_WARN_ENUM_CONVERSION = YES;
				CLANG_WARN_INFINITE_RECURSION = YES;
				CLANG_WARN_INT_CONVERSION = YES;
				CLANG_WARN_NON_LITERAL_NULL_CONVERSION = YES;
				CLANG_WARN_OBJC_IMPLICIT_RETAIN_SELF = YES;
				CLANG_WARN_OBJC_LITERAL_CONVERSION = YES;
				CLANG_WARN_OBJC_ROOT_CLASS = YES_ERROR;
				CLANG_WARN_RANGE_LOOP_ANALYSIS = YES;
				CLANG_WARN_STRICT_PROTOTYPES = YES;
				CLANG_WARN_SUSPICIOUS_MOVE = YES;
				CLANG_WARN_UNGUARDED_AVAILABILITY = YES_AGGRESSIVE;
				CLANG_WARN_UNREACHABLE_CODE = YES;
				CLANG_WARN__DUPLICATE_METHOD_MATCH = YES;
				CODE_SIGN_IDENTITY = "iPhone Developer";
				COPY_PHASE_STRIP = NO;
				DEBUG_INFORMATION_FORMAT = "dwarf-with-dsym";
				ENABLE_NS_ASSERTIONS = NO;
				ENABLE_STRICT_OBJC_MSGSEND = YES;
				GCC_C_LANGUAGE_STANDARD = gnu11;
				GCC_NO_COMMON_BLOCKS = YES;
				GCC_WARN_64_TO_32_BIT_CONVERSION = YES;
				GCC_WARN_ABOUT_RETURN_TYPE = YES_ERROR;
				GCC_WARN_UNDECLARED_SELECTOR = YES;
				GCC_WARN_UNINITIALIZED_AUTOS = YES_AGGRESSIVE;
				GCC_WARN_UNUSED_FUNCTION = YES;
				GCC_WARN_UNUSED_VARIABLE = YES;
				IPHONEOS_DEPLOYMENT_TARGET = 11.3;
				MTL_ENABLE_DEBUG_INFO = NO;
				SDKROOT = iphoneos;
				SWIFT_COMPILATION_MODE = wholemodule;
				SWIFT_OPTIMIZATION_LEVEL = "-O";
				VALIDATE_PRODUCT = YES;
			};
			name = Release;
		};
		18FC088B20B1209700932FEC /* Debug */ = {
			isa = XCBuildConfiguration;
			buildSettings = {
				ASSETCATALOG_COMPILER_APPICON_NAME = AppIcon;
				CODE_SIGN_STYLE = Automatic;
				DEVELOPMENT_TEAM = 7Z847JSHNU;
				INFOPLIST_FILE = Location/Info.plist;
				IPHONEOS_DEPLOYMENT_TARGET = 9.0;
				LD_RUNPATH_SEARCH_PATHS = (
					"$(inherited)",
					"@executable_path/Frameworks",
				);
				PRODUCT_BUNDLE_IDENTIFIER = com.raja.Location;
				PRODUCT_NAME = "$(TARGET_NAME)";
				SWIFT_VERSION = 4.0;
				TARGETED_DEVICE_FAMILY = "1,2";
			};
			name = Debug;
		};
		18FC088C20B1209700932FEC /* Release */ = {
			isa = XCBuildConfiguration;
			buildSettings = {
				ASSETCATALOG_COMPILER_APPICON_NAME = AppIcon;
				CODE_SIGN_STYLE = Automatic;
				DEVELOPMENT_TEAM = 7Z847JSHNU;
				INFOPLIST_FILE = Location/Info.plist;
				IPHONEOS_DEPLOYMENT_TARGET = 9.0;
				LD_RUNPATH_SEARCH_PATHS = (
					"$(inherited)",
					"@executable_path/Frameworks",
				);
				PRODUCT_BUNDLE_IDENTIFIER = com.raja.Location;
				PRODUCT_NAME = "$(TARGET_NAME)";
				SWIFT_VERSION = 4.0;
				TARGETED_DEVICE_FAMILY = "1,2";
			};
			name = Release;
		};
		18FC088E20B1209700932FEC /* Debug */ = {
			isa = XCBuildConfiguration;
			buildSettings = {
				ALWAYS_EMBED_SWIFT_STANDARD_LIBRARIES = YES;
				BUNDLE_LOADER = "$(TEST_HOST)";
				CODE_SIGN_STYLE = Automatic;
				INFOPLIST_FILE = LocationTests/Info.plist;
				LD_RUNPATH_SEARCH_PATHS = (
					"$(inherited)",
					"@executable_path/Frameworks",
					"@loader_path/Frameworks",
				);
				PRODUCT_BUNDLE_IDENTIFIER = com.raja.LocationTests;
				PRODUCT_NAME = "$(TARGET_NAME)";
				SWIFT_VERSION = 4.0;
				TARGETED_DEVICE_FAMILY = "1,2";
				TEST_HOST = "$(BUILT_PRODUCTS_DIR)/Location.app/Location";
			};
			name = Debug;
		};
		18FC088F20B1209700932FEC /* Release */ = {
			isa = XCBuildConfiguration;
			buildSettings = {
				ALWAYS_EMBED_SWIFT_STANDARD_LIBRARIES = YES;
				BUNDLE_LOADER = "$(TEST_HOST)";
				CODE_SIGN_STYLE = Automatic;
				INFOPLIST_FILE = LocationTests/Info.plist;
				LD_RUNPATH_SEARCH_PATHS = (
					"$(inherited)",
					"@executable_path/Frameworks",
					"@loader_path/Frameworks",
				);
				PRODUCT_BUNDLE_IDENTIFIER = com.raja.LocationTests;
				PRODUCT_NAME = "$(TARGET_NAME)";
				SWIFT_VERSION = 4.0;
				TARGETED_DEVICE_FAMILY = "1,2";
				TEST_HOST = "$(BUILT_PRODUCTS_DIR)/Location.app/Location";
			};
			name = Release;
		};
		18FC089120B1209700932FEC /* Debug */ = {
			isa = XCBuildConfiguration;
			buildSettings = {
				ALWAYS_EMBED_SWIFT_STANDARD_LIBRARIES = YES;
				CODE_SIGN_STYLE = Automatic;
				INFOPLIST_FILE = LocationUITests/Info.plist;
				LD_RUNPATH_SEARCH_PATHS = (
					"$(inherited)",
					"@executable_path/Frameworks",
					"@loader_path/Frameworks",
				);
				PRODUCT_BUNDLE_IDENTIFIER = com.raja.LocationUITests;
				PRODUCT_NAME = "$(TARGET_NAME)";
				SWIFT_VERSION = 4.0;
				TARGETED_DEVICE_FAMILY = "1,2";
				TEST_TARGET_NAME = Location;
			};
			name = Debug;
		};
		18FC089220B1209700932FEC /* Release */ = {
			isa = XCBuildConfiguration;
			buildSettings = {
				ALWAYS_EMBED_SWIFT_STANDARD_LIBRARIES = YES;
				CODE_SIGN_STYLE = Automatic;
				INFOPLIST_FILE = LocationUITests/Info.plist;
				LD_RUNPATH_SEARCH_PATHS = (
					"$(inherited)",
					"@executable_path/Frameworks",
					"@loader_path/Frameworks",
				);
				PRODUCT_BUNDLE_IDENTIFIER = com.raja.LocationUITests;
				PRODUCT_NAME = "$(TARGET_NAME)";
				SWIFT_VERSION = 4.0;
				TARGETED_DEVICE_FAMILY = "1,2";
				TEST_TARGET_NAME = Location;
			};
			name = Release;
		};
/* End XCBuildConfiguration section */

/* Begin XCConfigurationList section */
		18FC085D20B1209500932FEC /* Build configuration list for PBXProject "Location" */ = {
			isa = XCConfigurationList;
			buildConfigurations = (
				18FC088820B1209700932FEC /* Debug */,
				18FC088920B1209700932FEC /* Release */,
			);
			defaultConfigurationIsVisible = 0;
			defaultConfigurationName = Release;
		};
		18FC088A20B1209700932FEC /* Build configuration list for PBXNativeTarget "Location" */ = {
			isa = XCConfigurationList;
			buildConfigurations = (
				18FC088B20B1209700932FEC /* Debug */,
				18FC088C20B1209700932FEC /* Release */,
			);
			defaultConfigurationIsVisible = 0;
			defaultConfigurationName = Release;
		};
		18FC088D20B1209700932FEC /* Build configuration list for PBXNativeTarget "LocationTests" */ = {
			isa = XCConfigurationList;
			buildConfigurations = (
				18FC088E20B1209700932FEC /* Debug */,
				18FC088F20B1209700932FEC /* Release */,
			);
			defaultConfigurationIsVisible = 0;
			defaultConfigurationName = Release;
		};
		18FC089020B1209700932FEC /* Build configuration list for PBXNativeTarget "LocationUITests" */ = {
			isa = XCConfigurationList;
			buildConfigurations = (
				18FC089120B1209700932FEC /* Debug */,
				18FC089220B1209700932FEC /* Release */,
			);
			defaultConfigurationIsVisible = 0;
			defaultConfigurationName = Release;
		};
/* End XCConfigurationList section */
	};
	rootObject = 18FC085A20B1209500932FEC /* Project object */;
}
